
Microsoft Visual Studio Solution File, Format Version 12.00
# Visual Studio 14
VisualStudioVersion = 14.0.25123.0
MinimumVisualStudioVersion = 10.0.40219.1
Project("{8BC9CEB8-8B4A-11D0-8D11-00A0C91BC942}") = "GoogleTest", "GoogleTest\GoogleTest.vcxproj", "{97BD1B69-06BC-467D-8268-A24353BB4AF7}"
EndProject
Project("{8BC9CEB8-8B4A-11D0-8D11-00A0C91BC942}") = "include", "include\include.vcxproj", "{D4947F55-98BA-4A32-91AB-74AC7DD6BF35}"
EndProject
Project("{8BC9CEB8-8B4A-11D0-8D11-00A0C91BC942}") = "test", "test\test.vcxproj", "{AF626E95-FEFD-4BBE-BF07-87C5C0BDFF3F}"
EndProject
Global
	GlobalSection(SolutionConfigurationPlatforms) = preSolution
		Debug|x64 = Debug|x64
		Debug|x86 = Debug|x86
		Release|x64 = Release|x64
		Release|x86 = Release|x86
	EndGlobalSection
	GlobalSection(ProjectConfigurationPlatforms) = postSolution
		{97BD1B69-06BC-467D-8268-A24353BB4AF7}.Debug|x64.ActiveCfg = Debug|x64
		{97BD1B69-06BC-467D-8268-A24353BB4AF7}.Debug|x64.Build.0 = Debug|x64
		{97BD1B69-06BC-467D-8268-A24353BB4AF7}.Debug|x86.ActiveCfg = Debug|Win32
		{97BD1B69-06BC-467D-8268-A24353BB4AF7}.Debug|x86.Build.0 = Debug|Win32
		{97BD1B69-06BC-467D-8268-A24353BB4AF7}.Release|x64.ActiveCfg = Release|x64
		{97BD1B69-06BC-467D-8268-A24353BB4AF7}.Release|x64.Build.0 = Release|x64
		{97BD1B69-06BC-467D-8268-A24353BB4AF7}.Release|x86.ActiveCfg = Release|Win32
		{97BD1B69-06BC-467D-8268-A24353BB4AF7}.Release|x86.Build.0 = Release|Win32
		{D4947F55-98BA-4A32-91AB-74AC7DD6BF35}.Debug|x64.ActiveCfg = Debug|x64
		{D4947F55-98BA-4A32-91AB-74AC7DD6BF35}.Debug|x64.Build.0 = Debug|x64
		{D4947F55-98BA-4A32-91AB-74AC7DD6BF35}.Debug|x86.ActiveCfg = Debug|Win32
		{D4947F55-98BA-4A32-91AB-74AC7DD6BF35}.Debug|x86.Build.0 = Debug|Win32
		{D4947F55-98BA-4A32-91AB-74AC7DD6BF35}.Release|x64.ActiveCfg = Release|x64
		{D4947F55-98BA-4A32-91AB-74AC7DD6BF35}.Release|x64.Build.0 = Release|x64
		{D4947F55-98BA-4A32-91AB-74AC7DD6BF35}.Release|x86.ActiveCfg = Release|Win32
		{D4947F55-98BA-4A32-91AB-74AC7DD6BF35}.Release|x86.Build.0 = Release|Win32
		{AF626E95-FEFD-4BBE-BF07-87C5C0BDFF3F}.Debug|x64.ActiveCfg = Debug|x64
		{AF626E95-FEFD-4BBE-BF07-87C5C0BDFF3F}.Debug|x64.Build.0 = Debug|x64
		{AF626E95-FEFD-4BBE-BF07-87C5C0BDFF3F}.Debug|x86.ActiveCfg = Debug|Win32
		{AF626E95-FEFD-4BBE-BF07-87C5C0BDFF3F}.Debug|x86.Build.0 = Debug|Win32
		{AF626E95-FEFD-4BBE-BF07-87C5C0BDFF3F}.Release|x64.ActiveCfg = Release|x64
		{AF626E95-FEFD-4BBE-BF07-87C5C0BDFF3F}.Release|x64.Build.0 = Release|x64
		{AF626E95-FEFD-4BBE-BF07-87C5C0BDFF3F}.Release|x86.ActiveCfg = Release|Win32
		{AF626E95-FEFD-4BBE-BF07-87C5C0BDFF3F}.Release|x86.Build.0 = Release|Win32
	EndGlobalSection
	GlobalSection(SolutionProperties) = preSolution
		HideSolutionNode = FALSE
	EndGlobalSection
EndGlobal
